
Microsoft Visual Studio Solution File, Format Version 12.00
# Visual Studio Version 17
VisualStudioVersion = 17.6.33723.286
MinimumVisualStudioVersion = 10.0.40219.1
Project("{FAE04EC0-301F-11D3-BF4B-00C04F79EFBC}") = "Contactos_CRUDCORE", "Contactos_CRUDCORE\Contactos_CRUDCORE.csproj", "{01E41058-8E9B-4075-B02A-85FDBEA2BC7F}"
EndProject
Global
	GlobalSection(SolutionConfigurationPlatforms) = preSolution
		Debug|Any CPU = Debug|Any CPU
		Release|Any CPU = Release|Any CPU
	EndGlobalSection
	GlobalSection(ProjectConfigurationPlatforms) = postSolution
		{01E41058-8E9B-4075-B02A-85FDBEA2BC7F}.Debug|Any CPU.ActiveCfg = Debug|Any CPU
		{01E41058-8E9B-4075-B02A-85FDBEA2BC7F}.Debug|Any CPU.Build.0 = Debug|Any CPU
		{01E41058-8E9B-4075-B02A-85FDBEA2BC7F}.Release|Any CPU.ActiveCfg = Release|Any CPU
		{01E41058-8E9B-4075-B02A-85FDBEA2BC7F}.Release|Any CPU.Build.0 = Release|Any CPU
	EndGlobalSection
	GlobalSection(SolutionProperties) = preSolution
		HideSolutionNode = FALSE
	EndGlobalSection
	GlobalSection(ExtensibilityGlobals) = postSolution
		SolutionGuid = {AE41F962-7AB3-4159-ACE6-2298D24E51C1}
	EndGlobalSection
EndGlobal
